
Microsoft Visual Studio Solution File, Format Version 12.00
# Visual Studio Version 17
VisualStudioVersion = 17.3.32804.467
MinimumVisualStudioVersion = 10.0.40219.1
Project("{FAE04EC0-301F-11D3-BF4B-00C04F79EFBC}") = "SoftMatrix.PBIRS.PowerBIClient", "SoftMatrix.PBIRS.PowerBIClient.csproj", "{3618BAE4-A46A-4DE6-819F-B78F3B084D19}"
EndProject
Global
	GlobalSection(SolutionConfigurationPlatforms) = preSolution
		Debug|Any CPU = Debug|Any CPU
		Release|Any CPU = Release|Any CPU
	EndGlobalSection
	GlobalSection(ProjectConfigurationPlatforms) = postSolution
		{3618BAE4-A46A-4DE6-819F-B78F3B084D19}.Debug|Any CPU.ActiveCfg = Debug|Any CPU
		{3618BAE4-A46A-4DE6-819F-B78F3B084D19}.Debug|Any CPU.Build.0 = Debug|Any CPU
		{3618BAE4-A46A-4DE6-819F-B78F3B084D19}.Release|Any CPU.ActiveCfg = Release|Any CPU
		{3618BAE4-A46A-4DE6-819F-B78F3B084D19}.Release|Any CPU.Build.0 = Release|Any CPU
	EndGlobalSection
	GlobalSection(SolutionProperties) = preSolution
		HideSolutionNode = FALSE
	EndGlobalSection
	GlobalSection(ExtensibilityGlobals) = postSolution
		SolutionGuid = {58A5D4A4-BE50-49BB-951A-5DE5E3A23F89}
	EndGlobalSection
EndGlobal
